
Microsoft Visual Studio Solution File, Format Version 12.00
# Visual Studio Version 17
VisualStudioVersion = 17.2.32630.192
MinimumVisualStudioVersion = 10.0.40219.1
Project("{FAE04EC0-301F-11D3-BF4B-00C04F79EFBC}") = "Nav3d", "Nav3d.csproj", "{7BB3896D-0725-4E00-B99C-5160BFA87971}"
EndProject
Project("{FAE04EC0-301F-11D3-BF4B-00C04F79EFBC}") = "Nav3d.Example", "..\Nav3d.Example\Nav3d.Example.csproj", "{AC4F930E-4BCB-468B-93E5-DF287A6E4C24}"
EndProject
Global
	GlobalSection(SolutionConfigurationPlatforms) = preSolution
		Debug|Any CPU = Debug|Any CPU
		Release|Any CPU = Release|Any CPU
	EndGlobalSection
	GlobalSection(ProjectConfigurationPlatforms) = postSolution
		{7BB3896D-0725-4E00-B99C-5160BFA87971}.Debug|Any CPU.ActiveCfg = Debug|Any CPU
		{7BB3896D-0725-4E00-B99C-5160BFA87971}.Debug|Any CPU.Build.0 = Debug|Any CPU
		{7BB3896D-0725-4E00-B99C-5160BFA87971}.Release|Any CPU.ActiveCfg = Release|Any CPU
		{7BB3896D-0725-4E00-B99C-5160BFA87971}.Release|Any CPU.Build.0 = Release|Any CPU
		{AC4F930E-4BCB-468B-93E5-DF287A6E4C24}.Debug|Any CPU.ActiveCfg = Debug|Any CPU
		{AC4F930E-4BCB-468B-93E5-DF287A6E4C24}.Debug|Any CPU.Build.0 = Debug|Any CPU
		{AC4F930E-4BCB-468B-93E5-DF287A6E4C24}.Release|Any CPU.ActiveCfg = Release|Any CPU
		{AC4F930E-4BCB-468B-93E5-DF287A6E4C24}.Release|Any CPU.Build.0 = Release|Any CPU
	EndGlobalSection
	GlobalSection(SolutionProperties) = preSolution
		HideSolutionNode = FALSE
	EndGlobalSection
	GlobalSection(ExtensibilityGlobals) = postSolution
		SolutionGuid = {0A64B5A9-04C8-4B93-A810-7FA6C8765DF9}
	EndGlobalSection
EndGlobal
